# THIS IS AN AUTOGENERATED FILE. DO NOT EDIT THIS FILE DIRECTLY.
# yarn lockfile v1


"@esbuild/win32-x64@0.25.12":
  version "0.25.12"
  resolved "https://registry.npmjs.org/@esbuild/win32-x64/-/win32-x64-0.25.12.tgz"
  integrity sha512-alJC0uCZpTFrSL0CCDjcgleBXPnCrEAhTBILpeAp7M/OFgoqtAetfBzX0xM00MUsVVPpVjlPuMbREqnZCXaTnA==

"@jridgewell/gen-mapping@^0.3.5":
  version "0.3.13"
  resolved "https://registry.npmjs.org/@jridgewell/gen-mapping/-/gen-mapping-0.3.13.tgz"
  integrity sha512-2kkt/7niJ6MgEPxF0bYdQ6etZaA+fQvDcLKckhy1yIQOzaoKjBBjSj63/aLVjYE3qhRt5dvM+uUyfCg6UKCBbA==
  dependencies:
    "@jridgewell/sourcemap-codec" "^1.5.0"
    "@jridgewell/trace-mapping" "^0.3.24"

"@jridgewell/remapping@^2.3.4":
  version "2.3.5"
  resolved "https://registry.npmjs.org/@jridgewell/remapping/-/remapping-2.3.5.tgz"
  integrity sha512-LI9u/+laYG4Ds1TDKSJW2YPrIlcVYOwi2fUC6xB43lueCjgxV4lffOCZCtYFiH6TNOX+tQKXx97T4IKHbhyHEQ==
  dependencies:
    "@jridgewell/gen-mapping" "^0.3.5"
    "@jridgewell/trace-mapping" "^0.3.24"

"@jridgewell/resolve-uri@^3.1.0":
  version "3.1.2"
  resolved "https://registry.npmjs.org/@jridgewell/resolve-uri/-/resolve-uri-3.1.2.tgz"
  integrity sha512-bRISgCIjP20/tbWSPWMEi54QVPRZExkuD9lJL+UIxUKtwVJA8wW1Trb1jMs1RFXo1CBTNZ/5hpC9QvmKWdopKw==

"@jridgewell/source-map@^0.3.3":
  version "0.3.11"
  resolved "https://registry.npmjs.org/@jridgewell/source-map/-/source-map-0.3.11.tgz"
  integrity sha512-ZMp1V8ZFcPG5dIWnQLr3NSI1MiCU7UETdS/A0G8V/XWHvJv3ZsFqutJn1Y5RPmAPX6F3BiE397OqveU/9NCuIA==
  dependencies:
    "@jridgewell/gen-mapping" "^0.3.5"
    "@jridgewell/trace-mapping" "^0.3.25"

"@jridgewell/sourcemap-codec@^1.4.14", "@jridgewell/sourcemap-codec@^1.5.0", "@jridgewell/sourcemap-codec@^1.5.5":
  version "1.5.5"
  resolved "https://registry.npmjs.org/@jridgewell/sourcemap-codec/-/sourcemap-codec-1.5.5.tgz"
  integrity sha512-cYQ9310grqxueWbl+WuIUIaiUaDcj7WOq5fVhEljNVgRfOUhY9fy2zTvfoqWsnebh8Sl70VScFbICvJnLKB0Og==

"@jridgewell/trace-mapping@^0.3.24", "@jridgewell/trace-mapping@^0.3.25":
  version "0.3.31"
  resolved "https://registry.npmjs.org/@jridgewell/trace-mapping/-/trace-mapping-0.3.31.tgz"
  integrity sha512-zzNR+SdQSDJzc8joaeP8QQoCQr8NuYx2dIIytl1QeBEZHJ9uW6hebsrYgbz8hJwUQao3TWCMtmfV8Nu1twOLAw==
  dependencies:
    "@jridgewell/resolve-uri" "^3.1.0"
    "@jridgewell/sourcemap-codec" "^1.4.14"

"@rollup/rollup-win32-x64-gnu@4.57.1":
  version "4.57.1"
  resolved "https://registry.npmjs.org/@rollup/rollup-win32-x64-gnu/-/rollup-win32-x64-gnu-4.57.1.tgz"
  integrity sha512-VMBH2eOOaKGtIJYleXsi2B8CPVADrh+TyNxJ4mWPnKfLB/DBUmzW+5m1xUrcwWoMfSLagIRpjUFeW5CO5hyciQ==

"@rollup/rollup-win32-x64-msvc@4.57.1":
  version "4.57.1"
  resolved "https://registry.npmjs.org/@rollup/rollup-win32-x64-msvc/-/rollup-win32-x64-msvc-4.57.1.tgz"
  integrity sha512-mxRFDdHIWRxg3UfIIAwCm6NzvxG0jDX/wBN6KsQFTvKFqqg9vTrWUE68qEjHt19A5wwx5X5aUi2zuZT7YR0jrA==

"@tailwindcss/node@4.1.18":
  version "4.1.18"
  resolved "https://registry.npmjs.org/@tailwindcss/node/-/node-4.1.18.tgz"
  integrity sha512-DoR7U1P7iYhw16qJ49fgXUlry1t4CpXeErJHnQ44JgTSKMaZUdf17cfn5mHchfJ4KRBZRFA/Coo+MUF5+gOaCQ==
  dependencies:
    "@jridgewell/remapping" "^2.3.4"
    enhanced-resolve "^5.18.3"
    jiti "^2.6.1"
    lightningcss "1.30.2"
    magic-string "^0.30.21"
    source-map-js "^1.2.1"
    tailwindcss "4.1.18"

"@tailwindcss/oxide-win32-x64-msvc@4.1.18":
  version "4.1.18"
  resolved "https://registry.npmjs.org/@tailwindcss/oxide-win32-x64-msvc/-/oxide-win32-x64-msvc-4.1.18.tgz"
  integrity sha512-bJWbyYpUlqamC8dpR7pfjA0I7vdF6t5VpUGMWRkXVE3AXgIZjYUYAK7II1GNaxR8J1SSrSrppRar8G++JekE3Q==

"@tailwindcss/oxide@4.1.18":
  version "4.1.18"
  resolved "https://registry.npmjs.org/@tailwindcss/oxide/-/oxide-4.1.18.tgz"
  integrity sha512-EgCR5tTS5bUSKQgzeMClT6iCY3ToqE1y+ZB0AKldj809QXk1Y+3jB0upOYZrn9aGIzPtUsP7sX4QQ4XtjBB95A==
  optionalDependencies:
    "@tailwindcss/oxide-android-arm64" "4.1.18"
    "@tailwindcss/oxide-darwin-arm64" "4.1.18"
    "@tailwindcss/oxide-darwin-x64" "4.1.18"
    "@tailwindcss/oxide-freebsd-x64" "4.1.18"
    "@tailwindcss/oxide-linux-arm-gnueabihf" "4.1.18"
    "@tailwindcss/oxide-linux-arm64-gnu" "4.1.18"
    "@tailwindcss/oxide-linux-arm64-musl" "4.1.18"
    "@tailwindcss/oxide-linux-x64-gnu" "4.1.18"
    "@tailwindcss/oxide-linux-x64-musl" "4.1.18"
    "@tailwindcss/oxide-wasm32-wasi" "4.1.18"
    "@tailwindcss/oxide-win32-arm64-msvc" "4.1.18"
    "@tailwindcss/oxide-win32-x64-msvc" "4.1.18"

"@tailwindcss/vite@^4.1.4":
  version "4.1.18"
  resolved "https://registry.npmjs.org/@tailwindcss/vite/-/vite-4.1.18.tgz"
  integrity sha512-jVA+/UpKL1vRLg6Hkao5jldawNmRo7mQYrZtNHMIVpLfLhDml5nMRUo/8MwoX2vNXvnaXNNMedrMfMugAVX1nA==
  dependencies:
    "@tailwindcss/node" "4.1.18"
    "@tailwindcss/oxide" "4.1.18"
    tailwindcss "4.1.18"

"@types/estree@1.0.8":
  version "1.0.8"
  resolved "https://registry.npmjs.org/@types/estree/-/estree-1.0.8.tgz"
  integrity sha512-dWHzHa2WqEXI/O1E9OjrocMTKJl2mSrEolh1Iomrv6U+JuNwaHXsXx9bLu5gG7BUWFIN0skIQJQ/L1rIex4X6w==

acorn@^8.15.0:
  version "8.15.0"
  resolved "https://registry.npmjs.org/acorn/-/acorn-8.15.0.tgz"
  integrity sha512-NZyJarBfL7nWwIq+FDL6Zp/yHEhePMNnnJ0y3qfieCrmNvYct8uvtiV41UvlSe6apAfk0fY1FbWx+NwfmpvtTg==

buffer-from@^1.0.0:
  version "1.1.2"
  resolved "https://registry.npmjs.org/buffer-from/-/buffer-from-1.1.2.tgz"
  integrity sha512-E+XQCRwSbaaiChtv6k6Dwgc+bx+Bs6vuKJHHl5kox/BaKbhiXzqQOwK4cO22yElGp2OCmjwVhT3HmxgyPGnJfQ==

commander@^2.20.0:
  version "2.20.3"
  resolved "https://registry.npmjs.org/commander/-/commander-2.20.3.tgz"
  integrity sha512-GpVkmM8vF2vQUkj2LvZmD35JxeJOLCwJ9cUkugyk2nuhbv3+mJvpLYYt+0+USMxE+oj+ey/lJEnhZw75x/OMcQ==

detect-libc@^2.0.3:
  version "2.1.2"
  resolved "https://registry.npmjs.org/detect-libc/-/detect-libc-2.1.2.tgz"
  integrity sha512-Btj2BOOO83o3WyH59e8MgXsxEQVcarkUOpEYrubB0urwnN10yQ364rsiByU11nZlqWYZm05i/of7io4mzihBtQ==

enhanced-resolve@^5.18.3:
  version "5.19.0"
  resolved "https://registry.npmjs.org/enhanced-resolve/-/enhanced-resolve-5.19.0.tgz"
  integrity sha512-phv3E1Xl4tQOShqSte26C7Fl84EwUdZsyOuSSk9qtAGyyQs2s3jJzComh+Abf4g187lUUAvH+H26omrqia2aGg==
  dependencies:
    graceful-fs "^4.2.4"
    tapable "^2.3.0"

esbuild@^0.25.0:
  version "0.25.12"
  resolved "https://registry.npmjs.org/esbuild/-/esbuild-0.25.12.tgz"
  integrity sha512-bbPBYYrtZbkt6Os6FiTLCTFxvq4tt3JKall1vRwshA3fdVztsLAatFaZobhkBC8/BrPetoa0oksYoKXoG4ryJg==
  optionalDependencies:
    "@esbuild/aix-ppc64" "0.25.12"
    "@esbuild/android-arm" "0.25.12"
    "@esbuild/android-arm64" "0.25.12"
    "@esbuild/android-x64" "0.25.12"
    "@esbuild/darwin-arm64" "0.25.12"
    "@esbuild/darwin-x64" "0.25.12"
    "@esbuild/freebsd-arm64" "0.25.12"
    "@esbuild/freebsd-x64" "0.25.12"
    "@esbuild/linux-arm" "0.25.12"
    "@esbuild/linux-arm64" "0.25.12"
    "@esbuild/linux-ia32" "0.25.12"
    "@esbuild/linux-loong64" "0.25.12"
    "@esbuild/linux-mips64el" "0.25.12"
    "@esbuild/linux-ppc64" "0.25.12"
    "@esbuild/linux-riscv64" "0.25.12"
    "@esbuild/linux-s390x" "0.25.12"
    "@esbuild/linux-x64" "0.25.12"
    "@esbuild/netbsd-arm64" "0.25.12"
    "@esbuild/netbsd-x64" "0.25.12"
    "@esbuild/openbsd-arm64" "0.25.12"
    "@esbuild/openbsd-x64" "0.25.12"
    "@esbuild/openharmony-arm64" "0.25.12"
    "@esbuild/sunos-x64" "0.25.12"
    "@esbuild/win32-arm64" "0.25.12"
    "@esbuild/win32-ia32" "0.25.12"
    "@esbuild/win32-x64" "0.25.12"

fdir@^6.4.4, fdir@^6.5.0:
  version "6.5.0"
  resolved "https://registry.npmjs.org/fdir/-/fdir-6.5.0.tgz"
  integrity sha512-tIbYtZbucOs0BRGqPJkshJUYdL+SDH7dVM8gjy+ERp3WAUjLEFJE+02kanyHtwjWOnwrKYBiwAmM0p4kLJAnXg==

graceful-fs@^4.2.4:
  version "4.2.11"
  resolved "https://registry.npmjs.org/graceful-fs/-/graceful-fs-4.2.11.tgz"
  integrity sha512-RbJ5/jmFcNNCcDV5o9eTnBLJ/HszWV0P73bc+Ff4nS/rJj+YaS6IGyiOL0VoBYX+l1Wrl3k63h/KrH+nhJ0XvQ==

jiti@^2.6.1, jiti@>=1.21.0:
  version "2.6.1"
  resolved "https://registry.npmjs.org/jiti/-/jiti-2.6.1.tgz"
  integrity sha512-ekilCSN1jwRvIbgeg/57YFh8qQDNbwDb9xT/qu2DAHbFFZUicIl4ygVaAvzveMhMVr3LnpSKTNnwt8PoOfmKhQ==

lightningcss-win32-x64-msvc@1.30.2:
  version "1.30.2"
  resolved "https://registry.npmjs.org/lightningcss-win32-x64-msvc/-/lightningcss-win32-x64-msvc-1.30.2.tgz"
  integrity sha512-5g1yc73p+iAkid5phb4oVFMB45417DkRevRbt/El/gKXJk4jid+vPFF/AXbxn05Aky8PapwzZrdJShv5C0avjw==

lightningcss@^1.21.0, lightningcss@1.30.2:
  version "1.30.2"
  resolved "https://registry.npmjs.org/lightningcss/-/lightningcss-1.30.2.tgz"
  integrity sha512-utfs7Pr5uJyyvDETitgsaqSyjCb2qNRAtuqUeWIAKztsOYdcACf2KtARYXg2pSvhkt+9NfoaNY7fxjl6nuMjIQ==
  dependencies:
    detect-libc "^2.0.3"
  optionalDependencies:
    lightningcss-android-arm64 "1.30.2"
    lightningcss-darwin-arm64 "1.30.2"
    lightningcss-darwin-x64 "1.30.2"
    lightningcss-freebsd-x64 "1.30.2"
    lightningcss-linux-arm-gnueabihf "1.30.2"
    lightningcss-linux-arm64-gnu "1.30.2"
    lightningcss-linux-arm64-musl "1.30.2"
    lightningcss-linux-x64-gnu "1.30.2"
    lightningcss-linux-x64-musl "1.30.2"
    lightningcss-win32-arm64-msvc "1.30.2"
    lightningcss-win32-x64-msvc "1.30.2"

magic-string@^0.30.21:
  version "0.30.21"
  resolved "https://registry.npmjs.org/magic-string/-/magic-string-0.30.21.tgz"
  integrity sha512-vd2F4YUyEXKGcLHoq+TEyCjxueSeHnFxyyjNp80yg0XV4vUhnDer/lvvlqM/arB5bXQN5K2/3oinyCRyx8T2CQ==
  dependencies:
    "@jridgewell/sourcemap-codec" "^1.5.5"

nanoid@^3.3.11:
  version "3.3.11"
  resolved "https://registry.npmjs.org/nanoid/-/nanoid-3.3.11.tgz"
  integrity sha512-N8SpfPUnUp1bK+PMYW8qSWdl9U+wwNWI4QKxOYDy9JAro3WMX7p2OeVRF9v+347pnakNevPmiHhNmZ2HbFA76w==

picocolors@^1.1.1:
  version "1.1.1"
  resolved "https://registry.npmjs.org/picocolors/-/picocolors-1.1.1.tgz"
  integrity sha512-xceH2snhtb5M9liqDsmEw56le376mTZkEX/jEb/RxNFyegNul7eNslCXP9FDj/Lcu0X8KEyMceP2ntpaHrDEVA==

"picomatch@^3 || ^4", picomatch@^4.0.2, picomatch@^4.0.3:
  version "4.0.3"
  resolved "https://registry.npmjs.org/picomatch/-/picomatch-4.0.3.tgz"
  integrity sha512-5gTmgEY/sqK6gFXLIsQNH19lWb4ebPDLA4SdLP7dsWkIXHWlG66oPuVvXSGFPppYZz8ZDZq0dYYrbHfBCVUb1Q==

postcss@^8.5.3:
  version "8.5.6"
  resolved "https://registry.npmjs.org/postcss/-/postcss-8.5.6.tgz"
  integrity sha512-3Ybi1tAuwAP9s0r1UQ2J4n5Y0G05bJkpUIO0/bI9MhwmD70S5aTWbXGBwxHrelT+XM1k6dM0pk+SwNkpTRN7Pg==
  dependencies:
    nanoid "^3.3.11"
    picocolors "^1.1.1"
    source-map-js "^1.2.1"

prettier-plugin-tailwindcss@^0.7.2:
  version "0.7.2"
  resolved "https://registry.npmjs.org/prettier-plugin-tailwindcss/-/prettier-plugin-tailwindcss-0.7.2.tgz"
  integrity sha512-LkphyK3Fw+q2HdMOoiEHWf93fNtYJwfamoKPl7UwtjFQdei/iIBoX11G6j706FzN3ymX9mPVi97qIY8328vdnA==

prettier@^3.0, prettier@^3.6.2:
  version "3.8.1"
  resolved "https://registry.npmjs.org/prettier/-/prettier-3.8.1.tgz"
  integrity sha512-UOnG6LftzbdaHZcKoPFtOcCKztrQ57WkHDeRD9t/PTQtmT0NHSeWWepj6pS0z/N7+08BHFDQVUrfmfMRcZwbMg==

rollup@^4.34.9:
  version "4.57.1"
  resolved "https://registry.npmjs.org/rollup/-/rollup-4.57.1.tgz"
  integrity sha512-oQL6lgK3e2QZeQ7gcgIkS2YZPg5slw37hYufJ3edKlfQSGGm8ICoxswK15ntSzF/a8+h7ekRy7k7oWc3BQ7y8A==
  dependencies:
    "@types/estree" "1.0.8"
  optionalDependencies:
    "@rollup/rollup-android-arm-eabi" "4.57.1"
    "@rollup/rollup-android-arm64" "4.57.1"
    "@rollup/rollup-darwin-arm64" "4.57.1"
    "@rollup/rollup-darwin-x64" "4.57.1"
    "@rollup/rollup-freebsd-arm64" "4.57.1"
    "@rollup/rollup-freebsd-x64" "4.57.1"
    "@rollup/rollup-linux-arm-gnueabihf" "4.57.1"
    "@rollup/rollup-linux-arm-musleabihf" "4.57.1"
    "@rollup/rollup-linux-arm64-gnu" "4.57.1"
    "@rollup/rollup-linux-arm64-musl" "4.57.1"
    "@rollup/rollup-linux-loong64-gnu" "4.57.1"
    "@rollup/rollup-linux-loong64-musl" "4.57.1"
    "@rollup/rollup-linux-ppc64-gnu" "4.57.1"
    "@rollup/rollup-linux-ppc64-musl" "4.57.1"
    "@rollup/rollup-linux-riscv64-gnu" "4.57.1"
    "@rollup/rollup-linux-riscv64-musl" "4.57.1"
    "@rollup/rollup-linux-s390x-gnu" "4.57.1"
    "@rollup/rollup-linux-x64-gnu" "4.57.1"
    "@rollup/rollup-linux-x64-musl" "4.57.1"
    "@rollup/rollup-openbsd-x64" "4.57.1"
    "@rollup/rollup-openharmony-arm64" "4.57.1"
    "@rollup/rollup-win32-arm64-msvc" "4.57.1"
    "@rollup/rollup-win32-ia32-msvc" "4.57.1"
    "@rollup/rollup-win32-x64-gnu" "4.57.1"
    "@rollup/rollup-win32-x64-msvc" "4.57.1"
    fsevents "~2.3.2"

source-map-js@^1.2.1:
  version "1.2.1"
  resolved "https://registry.npmjs.org/source-map-js/-/source-map-js-1.2.1.tgz"
  integrity sha512-UXWMKhLOwVKb728IUtQPXxfYU+usdybtUrK/8uGE8CQMvrhOpwvzDBwj0QhSL7MQc7vIsISBG8VQ8+IDQxpfQA==

source-map-support@~0.5.20:
  version "0.5.21"
  resolved "https://registry.npmjs.org/source-map-support/-/source-map-support-0.5.21.tgz"
  integrity sha512-uBHU3L3czsIyYXKX88fdrGovxdSCoTGDRZ6SYXtSRxLZUzHg5P/66Ht6uoUlHu9EZod+inXhKo3qQgwXUT/y1w==
  dependencies:
    buffer-from "^1.0.0"
    source-map "^0.6.0"

source-map@^0.6.0:
  version "0.6.1"
  resolved "https://registry.npmjs.org/source-map/-/source-map-0.6.1.tgz"
  integrity sha512-UjgapumWlbMhkBgzT7Ykc5YXUT46F0iKu8SGXq0bcwP5dz/h0Plj6enJqjz1Zbq2l5WaqYnrVbwWOWMyF3F47g==

tailwindcss@^4.1.4, tailwindcss@4.1.18:
  version "4.1.18"
  resolved "https://registry.npmjs.org/tailwindcss/-/tailwindcss-4.1.18.tgz"
  integrity sha512-4+Z+0yiYyEtUVCScyfHCxOYP06L5Ne+JiHhY2IjR2KWMIWhJOYZKLSGZaP5HkZ8+bY0cxfzwDE5uOmzFXyIwxw==

tapable@^2.3.0:
  version "2.3.0"
  resolved "https://registry.npmjs.org/tapable/-/tapable-2.3.0.tgz"
  integrity sha512-g9ljZiwki/LfxmQADO3dEY1CbpmXT5Hm2fJ+QaGKwSXUylMybePR7/67YW7jOrrvjEgL1Fmz5kzyAjWVWLlucg==

terser@^5.16.0, terser@^5.43.1:
  version "5.46.0"
  resolved "https://registry.npmjs.org/terser/-/terser-5.46.0.tgz"
  integrity sha512-jTwoImyr/QbOWFFso3YoU3ik0jBBDJ6JTOQiy/J2YxVJdZCc+5u7skhNwiOR3FQIygFqVUPHl7qbbxtjW2K3Qg==
  dependencies:
    "@jridgewell/source-map" "^0.3.3"
    acorn "^8.15.0"
    commander "^2.20.0"
    source-map-support "~0.5.20"

tinyglobby@^0.2.13:
  version "0.2.15"
  resolved "https://registry.npmjs.org/tinyglobby/-/tinyglobby-0.2.15.tgz"
  integrity sha512-j2Zq4NyQYG5XMST4cbs02Ak8iJUdxRM0XI5QyxXuZOzKOINmWurp3smXu3y5wDcJrptwpSjgXHzIQxR0omXljQ==
  dependencies:
    fdir "^6.5.0"
    picomatch "^4.0.3"

vite-plugin-html-inject@^1.1.2:
  version "1.1.2"
  resolved "https://registry.npmjs.org/vite-plugin-html-inject/-/vite-plugin-html-inject-1.1.2.tgz"
  integrity sha512-4DWANEcAw73H5JLWTAI4EvXdSyoGqGq/Is9fTRjpF+SJLor58LNdqB+YYnK3FOLwx6LMTAn4z1hkiRyc52lYLg==

"vite@^5.2.0 || ^6 || ^7", vite@^6.3.1:
  version "6.4.1"
  resolved "https://registry.npmjs.org/vite/-/vite-6.4.1.tgz"
  integrity sha512-+Oxm7q9hDoLMyJOYfUYBuHQo+dkAloi33apOPP56pzj+vsdJDzr+j1NISE5pyaAuKL4A3UD34qd0lx5+kfKp2g==
  dependencies:
    esbuild "^0.25.0"
    fdir "^6.4.4"
    picomatch "^4.0.2"
    postcss "^8.5.3"
    rollup "^4.34.9"
    tinyglobby "^0.2.13"
  optionalDependencies:
    fsevents "~2.3.3"
